// !$*UTF8*$!
{
	archiveVersion = 1;
	classes = {
	};
	objectVersion = 50;
	objects = {

/* Begin PBXBuildFile section */
		4AE5C71F240F835600785978 /* AppDelegate.m in Sources */ = {isa = PBXBuildFile; fileRef = 4AE5C71E240F835600785978 /* AppDelegate.m */; };
		4AE5C722240F835600785978 /* SceneDelegate.m in Sources */ = {isa = PBXBuildFile; fileRef = 4AE5C721240F835600785978 /* SceneDelegate.m */; };
		4AE5C728240F835600785978 /* Main.storyboard in Resources */ = {isa = PBXBuildFile; fileRef = 4AE5C726240F835600785978 /* Main.storyboard */; };
		4AE5C72A240F835F00785978 /* Assets.xcassets in Resources */ = {isa = PBXBuildFile; fileRef = 4AE5C729240F835F00785978 /* Assets.xcassets */; };
		4AE5C72D240F835F00785978 /* LaunchScreen.storyboard in Resources */ = {isa = PBXBuildFile; fileRef = 4AE5C72B240F835F00785978 /* LaunchScreen.storyboard */; };
		4AE5C730240F835F00785978 /* main.m in Sources */ = {isa = PBXBuildFile; fileRef = 4AE5C72F240F835F00785978 /* main.m */; };
		4AE5C741240F877D00785978 /* LinkOnlyTextView.m in Sources */ = {isa = PBXBuildFile; fileRef = 4AE5C73D240F877D00785978 /* LinkOnlyTextView.m */; };
		4AE5C742240F877D00785978 /* PrivacyTipsViewController.m in Sources */ = {isa = PBXBuildFile; fileRef = 4AE5C73F240F877D00785978 /* PrivacyTipsViewController.m */; };
/* End PBXBuildFile section */

/* Begin PBXFileReference section */
		4AE5C71A240F835600785978 /* PrivacyTipsDemo.app */ = {isa = PBXFileReference; explicitFileType = wrapper.application; includeInIndex = 0; path = PrivacyTipsDemo.app; sourceTree = BUILT_PRODUCTS_DIR; };
		4AE5C71D240F835600785978 /* AppDelegate.h */ = {isa = PBXFileReference; lastKnownFileType = sourcecode.c.h; path = AppDelegate.h; sourceTree = "<group>"; };
		4AE5C71E240F835600785978 /* AppDelegate.m */ = {isa = PBXFileReference; lastKnownFileType = sourcecode.c.objc; path = AppDelegate.m; sourceTree = "<group>"; };
		4AE5C720240F835600785978 /* SceneDelegate.h */ = {isa = PBXFileReference; lastKnownFileType = sourcecode.c.h; path = SceneDelegate.h; sourceTree = "<group>"; };
		4AE5C721240F835600785978 /* SceneDelegate.m */ = {isa = PBXFileReference; lastKnownFileType = sourcecode.c.objc; path = SceneDelegate.m; sourceTree = "<group>"; };
		4AE5C727240F835600785978 /* Base */ = {isa = PBXFileReference; lastKnownFileType = file.storyboard; name = Base; path = Base.lproj/Main.storyboard; sourceTree = "<group>"; };
		4AE5C729240F835F00785978 /* Assets.xcassets */ = {isa = PBXFileReference; lastKnownFileType = folder.assetcatalog; path = Assets.xcassets; sourceTree = "<group>"; };
		4AE5C72C240F835F00785978 /* Base */ = {isa = PBXFileReference; lastKnownFileType = file.storyboard; name = Base; path = Base.lproj/LaunchScreen.storyboard; sourceTree = "<group>"; };
		4AE5C72E240F835F00785978 /* Info.plist */ = {isa = PBXFileReference; lastKnownFileType = text.plist.xml; path = Info.plist; sourceTree = "<group>"; };
		4AE5C72F240F835F00785978 /* main.m */ = {isa = PBXFileReference; lastKnownFileType = sourcecode.c.objc; path = main.m; sourceTree = "<group>"; };
		4AE5C73D240F877D00785978 /* LinkOnlyTextView.m */ = {isa = PBXFileReference; fileEncoding = 4; lastKnownFileType = sourcecode.c.objc; path = LinkOnlyTextView.m; sourceTree = "<group>"; };
		4AE5C73E240F877D00785978 /* LinkOnlyTextView.h */ = {isa = PBXFileReference; fileEncoding = 4; lastKnownFileType = sourcecode.c.h; path = LinkOnlyTextView.h; sourceTree = "<group>"; };
		4AE5C73F240F877D00785978 /* PrivacyTipsViewController.m */ = {isa = PBXFileReference; fileEncoding = 4; lastKnownFileType = sourcecode.c.objc; path = PrivacyTipsViewController.m; sourceTree = "<group>"; };
		4AE5C740240F877D00785978 /* PrivacyTipsViewController.h */ = {isa = PBXFileReference; fileEncoding = 4; lastKnownFileType = sourcecode.c.h; path = PrivacyTipsViewController.h; sourceTree = "<group>"; };
/* End PBXFileReference section */

/* Begin PBXFrameworksBuildPhase section */
		4AE5C717240F835600785978 /* Frameworks */ = {
			isa = PBXFrameworksBuildPhase;
			buildActionMask = 2147483647;
			files = (
			);
			runOnlyForDeploymentPostprocessing = 0;
		};
/* End PBXFrameworksBuildPhase section */

/* Begin PBXGroup section */
		4AE5C711240F835600785978 = {
			isa = PBXGroup;
			children = (
				4AE5C71C240F835600785978 /* PrivacyTipsDemo */,
				4AE5C71B240F835600785978 /* Products */,
			);
			sourceTree = "<group>";
		};
		4AE5C71B240F835600785978 /* Products */ = {
			isa = PBXGroup;
			children = (
				4AE5C71A240F835600785978 /* PrivacyTipsDemo.app */,
			);
			name = Products;
			sourceTree = "<group>";
		};
		4AE5C71C240F835600785978 /* PrivacyTipsDemo */ = {
			isa = PBXGroup;
			children = (
				4AE5C73E240F877D00785978 /* LinkOnlyTextView.h */,
				4AE5C73D240F877D00785978 /* LinkOnlyTextView.m */,
				4AE5C740240F877D00785978 /* PrivacyTipsViewController.h */,
				4AE5C73F240F877D00785978 /* PrivacyTipsViewController.m */,
				4AE5C71D240F835600785978 /* AppDelegate.h */,
				4AE5C71E240F835600785978 /* AppDelegate.m */,
				4AE5C720240F835600785978 /* SceneDelegate.h */,
				4AE5C721240F835600785978 /* SceneDelegate.m */,
				4AE5C726240F835600785978 /* Main.storyboard */,
				4AE5C729240F835F00785978 /* Assets.xcassets */,
				4AE5C72B240F835F00785978 /* LaunchScreen.storyboard */,
				4AE5C72E240F835F00785978 /* Info.plist */,
				4AE5C72F240F835F00785978 /* main.m */,
			);
			path = PrivacyTipsDemo;
			sourceTree = "<group>";
		};
/* End PBXGroup section */

/* Begin PBXNativeTarget section */
		4AE5C719240F835600785978 /* PrivacyTipsDemo */ = {
			isa = PBXNativeTarget;
			buildConfigurationList = 4AE5C733240F835F00785978 /* Build configuration list for PBXNativeTarget "PrivacyTipsDemo" */;
			buildPhases = (
				4AE5C716240F835600785978 /* Sources */,
				4AE5C717240F835600785978 /* Frameworks */,
				4AE5C718240F835600785978 /* Resources */,
			);
			buildRules = (
			);
			dependencies = (
			);
			name = PrivacyTipsDemo;
			productName = PrivacyTipsDemo;
			productReference = 4AE5C71A240F835600785978 /* PrivacyTipsDemo.app */;
			productType = "com.apple.product-type.application";
		};
/* End PBXNativeTarget section */

/* Begin PBXProject section */
		4AE5C712240F835600785978 /* Project object */ = {
			isa = PBXProject;
			attributes = {
				LastUpgradeCheck = 1130;
				ORGANIZATIONNAME = WGQ;
				TargetAttributes = {
					4AE5C719240F835600785978 = {
						CreatedOnToolsVersion = 11.3.1;
					};
				};
			};
			buildConfigurationList = 4AE5C715240F835600785978 /* Build configuration list for PBXProject "PrivacyTipsDemo" */;
			compatibilityVersion = "Xcode 9.3";
			developmentRegion = en;
			hasScannedForEncodings = 0;
			knownRegions = (
				en,
				Base,
			);
			mainGroup = 4AE5C711240F835600785978;
			productRefGroup = 4AE5C71B240F835600785978 /* Products */;
			projectDirPath = "";
			projectRoot = "";
			targets = (
				4AE5C719240F835600785978 /* PrivacyTipsDemo */,
			);
		};
/* End PBXProject section */

/* Begin PBXResourcesBuildPhase section */
		4AE5C718240F835600785978 /* Resources */ = {
			isa = PBXResourcesBuildPhase;
			buildActionMask = 2147483647;
			files = (
				4AE5C72D240F835F00785978 /* LaunchScreen.storyboard in Resources */,
				4AE5C72A240F835F00785978 /* Assets.xcassets in Resources */,
				4AE5C728240F835600785978 /* Main.storyboard in Resources */,
			);
			runOnlyForDeploymentPostprocessing = 0;
		};
/* End PBXResourcesBuildPhase section */

/* Begin PBXSourcesBuildPhase section */
		4AE5C716240F835600785978 /* Sources */ = {
			isa = PBXSourcesBuildPhase;
			buildActionMask = 2147483647;
			files = (
				4AE5C741240F877D00785978 /* LinkOnlyTextView.m in Sources */,
				4AE5C71F240F835600785978 /* AppDelegate.m in Sources */,
				4AE5C730240F835F00785978 /* main.m in Sources */,
				4AE5C722240F835600785978 /* SceneDelegate.m in Sources */,
				4AE5C742240F877D00785978 /* PrivacyTipsViewController.m in Sources */,
			);
			runOnlyForDeploymentPostprocessing = 0;
		};
/* End PBXSourcesBuildPhase section */

/* Begin PBXVariantGroup section */
		4AE5C726240F835600785978 /* Main.storyboard */ = {
			isa = PBXVariantGroup;
			children = (
				4AE5C727240F835600785978 /* Base */,
			);
			name = Main.storyboard;
			sourceTree = "<group>";
		};
		4AE5C72B240F835F00785978 /* LaunchScreen.storyboard */ = {
			isa = PBXVariantGroup;
			children = (
				4AE5C72C240F835F00785978 /* Base */,
			);
			name = LaunchScreen.storyboard;
			sourceTree = "<group>";
		};
/* End PBXVariantGroup section */

/* Begin XCBuildConfiguration section */
		4AE5C731240F835F00785978 /* Debug */ = {
			isa = XCBuildConfiguration;
			buildSettings = {
				ALWAYS_SEARCH_USER_PATHS = NO;
				CLANG_ANALYZER_NONNULL = YES;
				CLANG_ANALYZER_NUMBER_OBJECT_CONVERSION = YES_AGGRESSIVE;
				CLANG_CXX_LANGUAGE_STANDARD = "gnu++14";
				CLANG_CXX_LIBRARY = "libc++";
				CLANG_ENABLE_MODULES = YES;
				CLANG_ENABLE_OBJC_ARC = YES;
				CLANG_ENABLE_OBJC_WEAK = YES;
				CLANG_WARN_BLOCK_CAPTURE_AUTORELEASING = YES;
				CLANG_WARN_BOOL_CONVERSION = YES;
				CLANG_WARN_COMMA = YES;
				CLANG_WARN_CONSTANT_CONVERSION = YES;
				CLANG_WARN_DEPRECATED_OBJC_IMPLEMENTATIONS = YES;
				CLANG_WARN_DIRECT_OBJC_ISA_USAGE = YES_ERROR;
				CLANG_WARN_DOCUMENTATION_COMMENTS = YES;
				CLANG_WARN_EMPTY_BODY = YES;
				CLANG_WARN_ENUM_CONVERSION = YES;
				CLANG_WARN_INFINITE_RECURSION = YES;
				CLANG_WARN_INT_CONVERSION = YES;
				CLANG_WARN_NON_LITERAL_NULL_CONVERSION = YES;
				CLANG_WARN_OBJC_IMPLICIT_RETAIN_SELF = YES;
				CLANG_WARN_OBJC_LITERAL_CONVERSION = YES;
				CLANG_WARN_OBJC_ROOT_CLASS = YES_ERROR;
				CLANG_WARN_RANGE_LOOP_ANALYSIS = YES;
				CLANG_WARN_STRICT_PROTOTYPES = YES;
				CLANG_WARN_SUSPICIOUS_MOVE = YES;
				CLANG_WARN_UNGUARDED_AVAILABILITY = YES_AGGRESSIVE;
				CLANG_WARN_UNREACHABLE_CODE = YES;
				CLANG_WARN__DUPLICATE_METHOD_MATCH = YES;
				COPY_PHASE_STRIP = NO;
				DEBUG_INFORMATION_FORMAT = dwarf;
				ENABLE_STRICT_OBJC_MSGSEND = YES;
				ENABLE_TESTABILITY = YES;
				GCC_C_LANGUAGE_STANDARD = gnu11;
				GCC_DYNAMIC_NO_PIC = NO;
				GCC_NO_COMMON_BLOCKS = YES;
				GCC_OPTIMIZATION_LEVEL = 0;
				GCC_PREPROCESSOR_DEFINITIONS = (
					"DEBUG=1",
					"$(inherited)",
				);
				GCC_WARN_64_TO_32_BIT_CONVERSION = YES;
				GCC_WARN_ABOUT_RETURN_TYPE = YES_ERROR;
				GCC_WARN_UNDECLARED_SELECTOR = YES;
				GCC_WARN_UNINITIALIZED_AUTOS = YES_AGGRESSIVE;
				GCC_WARN_UNUSED_FUNCTION = YES;
				GCC_WARN_UNUSED_VARIABLE = YES;
				IPHONEOS_DEPLOYMENT_TARGET = 13.2;
				MTL_ENABLE_DEBUG_INFO = INCLUDE_SOURCE;
				MTL_FAST_MATH = YES;
				ONLY_ACTIVE_ARCH = YES;
				SDKROOT = iphoneos;
			};
			name = Debug;
		};
		4AE5C732240F835F00785978 /* Release */ = {
			isa = XCBuildConfiguration;
			buildSettings = {
				ALWAYS_SEARCH_USER_PATHS = NO;
				CLANG_ANALYZER_NONNULL = YES;
				CLANG_ANALYZER_NUMBER_OBJECT_CONVERSION = YES_AGGRESSIVE;
				CLANG_CXX_LANGUAGE_STANDARD = "gnu++14";
				CLANG_CXX_LIBRARY = "libc++";
				CLANG_ENABLE_MODULES = YES;
				CLANG_ENABLE_OBJC_ARC = YES;
				CLANG_ENABLE_OBJC_WEAK = YES;
				CLANG_WARN_BLOCK_CAPTURE_AUTORELEASING = YES;
				CLANG_WARN_BOOL_CONVERSION = YES;
				CLANG_WARN_COMMA = YES;
				CLANG_WARN_CONSTANT_CONVERSION = YES;
				CLANG_WARN_DEPRECATED_OBJC_IMPLEMENTATIONS = YES;
				CLANG_WARN_DIRECT_OBJC_ISA_USAGE = YES_ERROR;
				CLANG_WARN_DOCUMENTATION_COMMENTS = YES;
				CLANG_WARN_EMPTY_BODY = YES;
				CLANG_WARN_ENUM_CONVERSION = YES;
				CLANG_WARN_INFINITE_RECURSION = YES;
				CLANG_WARN_INT_CONVERSION = YES;
				CLANG_WARN_NON_LITERAL_NULL_CONVERSION = YES;
				CLANG_WARN_OBJC_IMPLICIT_RETAIN_SELF = YES;
				CLANG_WARN_OBJC_LITERAL_CONVERSION = YES;
				CLANG_WARN_OBJC_ROOT_CLASS = YES_ERROR;
				CLANG_WARN_RANGE_LOOP_ANALYSIS = YES;
				CLANG_WARN_STRICT_PROTOTYPES = YES;
				CLANG_WARN_SUSPICIOUS_MOVE = YES;
				CLANG_WARN_UNGUARDED_AVAILABILITY = YES_AGGRESSIVE;
				CLANG_WARN_UNREACHABLE_CODE = YES;
				CLANG_WARN__DUPLICATE_METHOD_MATCH = YES;
				COPY_PHASE_STRIP = NO;
				DEBUG_INFORMATION_FORMAT = "dwarf-with-dsym";
				ENABLE_NS_ASSERTIONS = NO;
				ENABLE_STRICT_OBJC_MSGSEND = YES;
				GCC_C_LANGUAGE_STANDARD = gnu11;
				GCC_NO_COMMON_BLOCKS = YES;
				GCC_WARN_64_TO_32_BIT_CONVERSION = YES;
				GCC_WARN_ABOUT_RETURN_TYPE = YES_ERROR;
				GCC_WARN_UNDECLARED_SELECTOR = YES;
				GCC_WARN_UNINITIALIZED_AUTOS = YES_AGGRESSIVE;
				GCC_WARN_UNUSED_FUNCTION = YES;
				GCC_WARN_UNUSED_VARIABLE = YES;
				IPHONEOS_DEPLOYMENT_TARGET = 13.2;
				MTL_ENABLE_DEBUG_INFO = NO;
				MTL_FAST_MATH = YES;
				SDKROOT = iphoneos;
				VALIDATE_PRODUCT = YES;
			};
			name = Release;
		};
		4AE5C734240F835F00785978 /* Debug */ = {
			isa = XCBuildConfiguration;
			buildSettings = {
				ASSETCATALOG_COMPILER_APPICON_NAME = AppIcon;
				CODE_SIGN_STYLE = Automatic;
				DEVELOPMENT_TEAM = K3JWWDLN36;
				INFOPLIST_FILE = PrivacyTipsDemo/Info.plist;
				IPHONEOS_DEPLOYMENT_TARGET = 10.0;
				LD_RUNPATH_SEARCH_PATHS = (
					"$(inherited)",
					"@executable_path/Frameworks",
				);
				PRODUCT_BUNDLE_IDENTIFIER = com.WGQ.PrivacyTipsDemo;
				PRODUCT_NAME = "$(TARGET_NAME)";
				TARGETED_DEVICE_FAMILY = "1,2";
			};
			name = Debug;
		};
		4AE5C735240F835F00785978 /* Release */ = {
			isa = XCBuildConfiguration;
			buildSettings = {
				ASSETCATALOG_COMPILER_APPICON_NAME = AppIcon;
				CODE_SIGN_STYLE = Automatic;
				DEVELOPMENT_TEAM = K3JWWDLN36;
				INFOPLIST_FILE = PrivacyTipsDemo/Info.plist;
				IPHONEOS_DEPLOYMENT_TARGET = 10.0;
				LD_RUNPATH_SEARCH_PATHS = (
					"$(inherited)",
					"@executable_path/Frameworks",
				);
				PRODUCT_BUNDLE_IDENTIFIER = com.WGQ.PrivacyTipsDemo;
				PRODUCT_NAME = "$(TARGET_NAME)";
				TARGETED_DEVICE_FAMILY = "1,2";
			};
			name = Release;
		};
/* End XCBuildConfiguration section */

/* Begin XCConfigurationList section */
		4AE5C715240F835600785978 /* Build configuration list for PBXProject "PrivacyTipsDemo" */ = {
			isa = XCConfigurationList;
			buildConfigurations = (
				4AE5C731240F835F00785978 /* Debug */,
				4AE5C732240F835F00785978 /* Release */,
			);
			defaultConfigurationIsVisible = 0;
			defaultConfigurationName = Release;
		};
		4AE5C733240F835F00785978 /* Build configuration list for PBXNativeTarget "PrivacyTipsDemo" */ = {
			isa = XCConfigurationList;
			buildConfigurations = (
				4AE5C734240F835F00785978 /* Debug */,
				4AE5C735240F835F00785978 /* Release */,
			);
			defaultConfigurationIsVisible = 0;
			defaultConfigurationName = Release;
		};
/* End XCConfigurationList section */
	};
	rootObject = 4AE5C712240F835600785978 /* Project object */;
}
